
Microsoft Visual Studio Solution File, Format Version 12.00
Project("{FAE04EC0-301F-11D3-BF4B-00C04F79EFBC}") = "ArmoryPet.Core", "ArmoryPet.Core\ArmoryPet.Core.csproj", "{D11EAEC4-5C2D-4AD8-BCB4-02C1AF7C2831}"
EndProject
Project("{FAE04EC0-301F-11D3-BF4B-00C04F79EFBC}") = "ArmoryPet.Infrastructure", "ArmoryPet.Infrastructure\ArmoryPet.Infrastructure.csproj", "{1653E010-962F-4291-892B-9A87AB1D31B7}"
EndProject
Project("{FAE04EC0-301F-11D3-BF4B-00C04F79EFBC}") = "ArmoryPet.Presentation", "ArmoryPet.Presentation\ArmoryPet.Presentation.csproj", "{C0B0A5F6-E907-42A0-8E84-AFF49728E65E}"
EndProject
Global
	GlobalSection(SolutionConfigurationPlatforms) = preSolution
		Debug|Any CPU = Debug|Any CPU
		Release|Any CPU = Release|Any CPU
	EndGlobalSection
	GlobalSection(ProjectConfigurationPlatforms) = postSolution
		{D11EAEC4-5C2D-4AD8-BCB4-02C1AF7C2831}.Debug|Any CPU.ActiveCfg = Debug|Any CPU
		{D11EAEC4-5C2D-4AD8-BCB4-02C1AF7C2831}.Debug|Any CPU.Build.0 = Debug|Any CPU
		{D11EAEC4-5C2D-4AD8-BCB4-02C1AF7C2831}.Release|Any CPU.ActiveCfg = Release|Any CPU
		{D11EAEC4-5C2D-4AD8-BCB4-02C1AF7C2831}.Release|Any CPU.Build.0 = Release|Any CPU
		{1653E010-962F-4291-892B-9A87AB1D31B7}.Debug|Any CPU.ActiveCfg = Debug|Any CPU
		{1653E010-962F-4291-892B-9A87AB1D31B7}.Debug|Any CPU.Build.0 = Debug|Any CPU
		{1653E010-962F-4291-892B-9A87AB1D31B7}.Release|Any CPU.ActiveCfg = Release|Any CPU
		{1653E010-962F-4291-892B-9A87AB1D31B7}.Release|Any CPU.Build.0 = Release|Any CPU
		{C0B0A5F6-E907-42A0-8E84-AFF49728E65E}.Debug|Any CPU.ActiveCfg = Debug|Any CPU
		{C0B0A5F6-E907-42A0-8E84-AFF49728E65E}.Debug|Any CPU.Build.0 = Debug|Any CPU
		{C0B0A5F6-E907-42A0-8E84-AFF49728E65E}.Release|Any CPU.ActiveCfg = Release|Any CPU
		{C0B0A5F6-E907-42A0-8E84-AFF49728E65E}.Release|Any CPU.Build.0 = Release|Any CPU
	EndGlobalSection
EndGlobal
